
Microsoft Visual Studio Solution File, Format Version 12.00
# Visual Studio Version 17
VisualStudioVersion = 17.14.36301.6
MinimumVisualStudioVersion = 10.0.40219.1
Project("{FAE04EC0-301F-11D3-BF4B-00C04F79EFBC}") = "BlazorApp1", "BlazorApp1\BlazorApp1.csproj", "{AE1AEE81-B115-42FB-90B7-392C280B7492}"
EndProject
Global
	GlobalSection(SolutionConfigurationPlatforms) = preSolution
		Debug|Any CPU = Debug|Any CPU
		Release|Any CPU = Release|Any CPU
	EndGlobalSection
	GlobalSection(ProjectConfigurationPlatforms) = postSolution
		{AE1AEE81-B115-42FB-90B7-392C280B7492}.Debug|Any CPU.ActiveCfg = Debug|Any CPU
		{AE1AEE81-B115-42FB-90B7-392C280B7492}.Debug|Any CPU.Build.0 = Debug|Any CPU
		{AE1AEE81-B115-42FB-90B7-392C280B7492}.Release|Any CPU.ActiveCfg = Release|Any CPU
		{AE1AEE81-B115-42FB-90B7-392C280B7492}.Release|Any CPU.Build.0 = Release|Any CPU
	EndGlobalSection
	GlobalSection(SolutionProperties) = preSolution
		HideSolutionNode = FALSE
	EndGlobalSection
	GlobalSection(ExtensibilityGlobals) = postSolution
		SolutionGuid = {139EE37B-BE3A-4FB9-84B7-4AF4BF096FB9}
	EndGlobalSection
EndGlobal
